
Microsoft Visual Studio Solution File, Format Version 12.00
# Visual Studio Version 17
VisualStudioVersion = 17.14.36203.30 d17.14
MinimumVisualStudioVersion = 10.0.40219.1
Project("{FAE04EC0-301F-11D3-BF4B-00C04F79EFBC}") = "01.ExcellentResult", "01.ExcellentResult\01.ExcellentResult.csproj", "{F4849DA3-5D06-4EEE-AD60-EFADA72E753B}"
EndProject
Project("{FAE04EC0-301F-11D3-BF4B-00C04F79EFBC}") = "02.GreaterNumber", "02.GreaterNumber\02.GreaterNumber.csproj", "{F9995D44-8041-4A9D-9D58-9ABAC6D0239F}"
EndProject
Project("{FAE04EC0-301F-11D3-BF4B-00C04F79EFBC}") = "03.EvenOrOdd", "03.EvenOrOdd\03.EvenOrOdd.csproj", "{07C0524A-DBD1-4DF9-8A29-5C77A66BE5ED}"
EndProject
Project("{FAE04EC0-301F-11D3-BF4B-00C04F79EFBC}") = "04.PasswordGuess", "04.PasswordGuess\04.PasswordGuess.csproj", "{81C8EC55-E862-40B0-9992-2A642371438B}"
EndProject
Project("{FAE04EC0-301F-11D3-BF4B-00C04F79EFBC}") = "05.Number100.200", "05.Number100.200\05.Number100.200.csproj", "{751A0A9D-958D-4802-AA48-C5EFCB36C208}"
EndProject
Project("{FAE04EC0-301F-11D3-BF4B-00C04F79EFBC}") = "06.SpeedInfo", "06.SpeedInfo\06.SpeedInfo.csproj", "{C0155A76-94F8-46D7-AD0C-A46BECDD0A8C}"
EndProject
Project("{FAE04EC0-301F-11D3-BF4B-00C04F79EFBC}") = "07.AreaOfFigures", "07.AreaOfFigures\07.AreaOfFigures.csproj", "{19E08413-E886-45F9-8F4A-5814271827B3}"
EndProject
Global
	GlobalSection(SolutionConfigurationPlatforms) = preSolution
		Debug|Any CPU = Debug|Any CPU
		Release|Any CPU = Release|Any CPU
	EndGlobalSection
	GlobalSection(ProjectConfigurationPlatforms) = postSolution
		{F4849DA3-5D06-4EEE-AD60-EFADA72E753B}.Debug|Any CPU.ActiveCfg = Debug|Any CPU
		{F4849DA3-5D06-4EEE-AD60-EFADA72E753B}.Debug|Any CPU.Build.0 = Debug|Any CPU
		{F4849DA3-5D06-4EEE-AD60-EFADA72E753B}.Release|Any CPU.ActiveCfg = Release|Any CPU
		{F4849DA3-5D06-4EEE-AD60-EFADA72E753B}.Release|Any CPU.Build.0 = Release|Any CPU
		{F9995D44-8041-4A9D-9D58-9ABAC6D0239F}.Debug|Any CPU.ActiveCfg = Debug|Any CPU
		{F9995D44-8041-4A9D-9D58-9ABAC6D0239F}.Debug|Any CPU.Build.0 = Debug|Any CPU
		{F9995D44-8041-4A9D-9D58-9ABAC6D0239F}.Release|Any CPU.ActiveCfg = Release|Any CPU
		{F9995D44-8041-4A9D-9D58-9ABAC6D0239F}.Release|Any CPU.Build.0 = Release|Any CPU
		{07C0524A-DBD1-4DF9-8A29-5C77A66BE5ED}.Debug|Any CPU.ActiveCfg = Debug|Any CPU
		{07C0524A-DBD1-4DF9-8A29-5C77A66BE5ED}.Debug|Any CPU.Build.0 = Debug|Any CPU
		{07C0524A-DBD1-4DF9-8A29-5C77A66BE5ED}.Release|Any CPU.ActiveCfg = Release|Any CPU
		{07C0524A-DBD1-4DF9-8A29-5C77A66BE5ED}.Release|Any CPU.Build.0 = Release|Any CPU
		{81C8EC55-E862-40B0-9992-2A642371438B}.Debug|Any CPU.ActiveCfg = Debug|Any CPU
		{81C8EC55-E862-40B0-9992-2A642371438B}.Debug|Any CPU.Build.0 = Debug|Any CPU
		{81C8EC55-E862-40B0-9992-2A642371438B}.Release|Any CPU.ActiveCfg = Release|Any CPU
		{81C8EC55-E862-40B0-9992-2A642371438B}.Release|Any CPU.Build.0 = Release|Any CPU
		{751A0A9D-958D-4802-AA48-C5EFCB36C208}.Debug|Any CPU.ActiveCfg = Debug|Any CPU
		{751A0A9D-958D-4802-AA48-C5EFCB36C208}.Debug|Any CPU.Build.0 = Debug|Any CPU
		{751A0A9D-958D-4802-AA48-C5EFCB36C208}.Release|Any CPU.ActiveCfg = Release|Any CPU
		{751A0A9D-958D-4802-AA48-C5EFCB36C208}.Release|Any CPU.Build.0 = Release|Any CPU
		{C0155A76-94F8-46D7-AD0C-A46BECDD0A8C}.Debug|Any CPU.ActiveCfg = Debug|Any CPU
		{C0155A76-94F8-46D7-AD0C-A46BECDD0A8C}.Debug|Any CPU.Build.0 = Debug|Any CPU
		{C0155A76-94F8-46D7-AD0C-A46BECDD0A8C}.Release|Any CPU.ActiveCfg = Release|Any CPU
		{C0155A76-94F8-46D7-AD0C-A46BECDD0A8C}.Release|Any CPU.Build.0 = Release|Any CPU
		{19E08413-E886-45F9-8F4A-5814271827B3}.Debug|Any CPU.ActiveCfg = Debug|Any CPU
		{19E08413-E886-45F9-8F4A-5814271827B3}.Debug|Any CPU.Build.0 = Debug|Any CPU
		{19E08413-E886-45F9-8F4A-5814271827B3}.Release|Any CPU.ActiveCfg = Release|Any CPU
		{19E08413-E886-45F9-8F4A-5814271827B3}.Release|Any CPU.Build.0 = Release|Any CPU
	EndGlobalSection
	GlobalSection(SolutionProperties) = preSolution
		HideSolutionNode = FALSE
	EndGlobalSection
	GlobalSection(ExtensibilityGlobals) = postSolution
		SolutionGuid = {80D4AF83-681D-49A4-98AA-046ACC699E48}
	EndGlobalSection
EndGlobal
