
Microsoft Visual Studio Solution File, Format Version 12.00
# Visual Studio Version 17
VisualStudioVersion = 17.14.36301.6
MinimumVisualStudioVersion = 10.0.40219.1
Project("{FAE04EC0-301F-11D3-BF4B-00C04F79EFBC}") = "01.NumberPyramid", "01.NumberPyramid\01.NumberPyramid.csproj", "{2443202A-0496-4EB8-886C-4BA41F30519E}"
EndProject
Project("{FAE04EC0-301F-11D3-BF4B-00C04F79EFBC}") = "02.EqualSumsEvenOddPosition", "02.EqualSumsEvenOddPosition\02.EqualSumsEvenOddPosition.csproj", "{5D2347AA-4075-4706-A394-C44E184A9BCE}"
EndProject
Project("{FAE04EC0-301F-11D3-BF4B-00C04F79EFBC}") = "03.SumPrimeNonPrime", "03.SumPrimeNonPrime\03.SumPrimeNonPrime.csproj", "{E8309CFE-6BF4-4A98-8EC6-FBB5A81D8DF0}"
EndProject
Project("{FAE04EC0-301F-11D3-BF4B-00C04F79EFBC}") = "04.TrainTheTrainers", "04.TrainTheTrainers\04.TrainTheTrainers.csproj", "{3BC07162-07B6-458F-A8CD-B466D0957FD9}"
EndProject
Project("{FAE04EC0-301F-11D3-BF4B-00C04F79EFBC}") = "05.SpecialNumbers", "05.SpecialNumbers\05.SpecialNumbers.csproj", "{04F93EBA-AFF4-42B4-8298-7208C6CBDA86}"
EndProject
Project("{FAE04EC0-301F-11D3-BF4B-00C04F79EFBC}") = "06.CinemaTickets", "06.CinemaTickets\06.CinemaTickets.csproj", "{ED04BF23-4FD2-4FA7-BAF5-7522C4679543}"
EndProject
Global
	GlobalSection(SolutionConfigurationPlatforms) = preSolution
		Debug|Any CPU = Debug|Any CPU
		Release|Any CPU = Release|Any CPU
	EndGlobalSection
	GlobalSection(ProjectConfigurationPlatforms) = postSolution
		{2443202A-0496-4EB8-886C-4BA41F30519E}.Debug|Any CPU.ActiveCfg = Debug|Any CPU
		{2443202A-0496-4EB8-886C-4BA41F30519E}.Debug|Any CPU.Build.0 = Debug|Any CPU
		{2443202A-0496-4EB8-886C-4BA41F30519E}.Release|Any CPU.ActiveCfg = Release|Any CPU
		{2443202A-0496-4EB8-886C-4BA41F30519E}.Release|Any CPU.Build.0 = Release|Any CPU
		{5D2347AA-4075-4706-A394-C44E184A9BCE}.Debug|Any CPU.ActiveCfg = Debug|Any CPU
		{5D2347AA-4075-4706-A394-C44E184A9BCE}.Debug|Any CPU.Build.0 = Debug|Any CPU
		{5D2347AA-4075-4706-A394-C44E184A9BCE}.Release|Any CPU.ActiveCfg = Release|Any CPU
		{5D2347AA-4075-4706-A394-C44E184A9BCE}.Release|Any CPU.Build.0 = Release|Any CPU
		{E8309CFE-6BF4-4A98-8EC6-FBB5A81D8DF0}.Debug|Any CPU.ActiveCfg = Debug|Any CPU
		{E8309CFE-6BF4-4A98-8EC6-FBB5A81D8DF0}.Debug|Any CPU.Build.0 = Debug|Any CPU
		{E8309CFE-6BF4-4A98-8EC6-FBB5A81D8DF0}.Release|Any CPU.ActiveCfg = Release|Any CPU
		{E8309CFE-6BF4-4A98-8EC6-FBB5A81D8DF0}.Release|Any CPU.Build.0 = Release|Any CPU
		{3BC07162-07B6-458F-A8CD-B466D0957FD9}.Debug|Any CPU.ActiveCfg = Debug|Any CPU
		{3BC07162-07B6-458F-A8CD-B466D0957FD9}.Debug|Any CPU.Build.0 = Debug|Any CPU
		{3BC07162-07B6-458F-A8CD-B466D0957FD9}.Release|Any CPU.ActiveCfg = Release|Any CPU
		{3BC07162-07B6-458F-A8CD-B466D0957FD9}.Release|Any CPU.Build.0 = Release|Any CPU
		{04F93EBA-AFF4-42B4-8298-7208C6CBDA86}.Debug|Any CPU.ActiveCfg = Debug|Any CPU
		{04F93EBA-AFF4-42B4-8298-7208C6CBDA86}.Debug|Any CPU.Build.0 = Debug|Any CPU
		{04F93EBA-AFF4-42B4-8298-7208C6CBDA86}.Release|Any CPU.ActiveCfg = Release|Any CPU
		{04F93EBA-AFF4-42B4-8298-7208C6CBDA86}.Release|Any CPU.Build.0 = Release|Any CPU
		{ED04BF23-4FD2-4FA7-BAF5-7522C4679543}.Debug|Any CPU.ActiveCfg = Debug|Any CPU
		{ED04BF23-4FD2-4FA7-BAF5-7522C4679543}.Debug|Any CPU.Build.0 = Debug|Any CPU
		{ED04BF23-4FD2-4FA7-BAF5-7522C4679543}.Release|Any CPU.ActiveCfg = Release|Any CPU
		{ED04BF23-4FD2-4FA7-BAF5-7522C4679543}.Release|Any CPU.Build.0 = Release|Any CPU
	EndGlobalSection
	GlobalSection(SolutionProperties) = preSolution
		HideSolutionNode = FALSE
	EndGlobalSection
	GlobalSection(ExtensibilityGlobals) = postSolution
		SolutionGuid = {0B24D31B-4423-4F73-9740-B8E635175082}
	EndGlobalSection
EndGlobal
