
Microsoft Visual Studio Solution File, Format Version 12.00
# Visual Studio Version 17
VisualStudioVersion = 17.14.36221.1 d17.14
MinimumVisualStudioVersion = 10.0.40219.1
Project("{FAE04EC0-301F-11D3-BF4B-00C04F79EFBC}") = "01.OscarsCeremony", "01.OscarsCeremony\01.OscarsCeremony.csproj", "{73B51A45-983B-415D-9A2F-8F835EACACBD}"
EndProject
Project("{FAE04EC0-301F-11D3-BF4B-00C04F79EFBC}") = "02.GodzillavsKong", "02.GodzillavsKong\02.GodzillavsKong.csproj", "{49646461-5D73-4578-A42F-745DB318ED2D}"
EndProject
Project("{FAE04EC0-301F-11D3-BF4B-00C04F79EFBC}") = "03.OscarsWeekInCinema", "03.OscarsWeekInCinema\03.OscarsWeekInCinema.csproj", "{FD516E06-A23C-43A9-9548-778CB0248192}"
EndProject
Project("{FAE04EC0-301F-11D3-BF4B-00C04F79EFBC}") = "04.CinemaVoucher", "04.CinemaVoucher\04.CinemaVoucher.csproj", "{98C82227-5229-47D9-8209-CF3E8F5E53DA}"
EndProject
Global
	GlobalSection(SolutionConfigurationPlatforms) = preSolution
		Debug|Any CPU = Debug|Any CPU
		Release|Any CPU = Release|Any CPU
	EndGlobalSection
	GlobalSection(ProjectConfigurationPlatforms) = postSolution
		{73B51A45-983B-415D-9A2F-8F835EACACBD}.Debug|Any CPU.ActiveCfg = Debug|Any CPU
		{73B51A45-983B-415D-9A2F-8F835EACACBD}.Debug|Any CPU.Build.0 = Debug|Any CPU
		{73B51A45-983B-415D-9A2F-8F835EACACBD}.Release|Any CPU.ActiveCfg = Release|Any CPU
		{73B51A45-983B-415D-9A2F-8F835EACACBD}.Release|Any CPU.Build.0 = Release|Any CPU
		{49646461-5D73-4578-A42F-745DB318ED2D}.Debug|Any CPU.ActiveCfg = Debug|Any CPU
		{49646461-5D73-4578-A42F-745DB318ED2D}.Debug|Any CPU.Build.0 = Debug|Any CPU
		{49646461-5D73-4578-A42F-745DB318ED2D}.Release|Any CPU.ActiveCfg = Release|Any CPU
		{49646461-5D73-4578-A42F-745DB318ED2D}.Release|Any CPU.Build.0 = Release|Any CPU
		{FD516E06-A23C-43A9-9548-778CB0248192}.Debug|Any CPU.ActiveCfg = Debug|Any CPU
		{FD516E06-A23C-43A9-9548-778CB0248192}.Debug|Any CPU.Build.0 = Debug|Any CPU
		{FD516E06-A23C-43A9-9548-778CB0248192}.Release|Any CPU.ActiveCfg = Release|Any CPU
		{FD516E06-A23C-43A9-9548-778CB0248192}.Release|Any CPU.Build.0 = Release|Any CPU
		{98C82227-5229-47D9-8209-CF3E8F5E53DA}.Debug|Any CPU.ActiveCfg = Debug|Any CPU
		{98C82227-5229-47D9-8209-CF3E8F5E53DA}.Debug|Any CPU.Build.0 = Debug|Any CPU
		{98C82227-5229-47D9-8209-CF3E8F5E53DA}.Release|Any CPU.ActiveCfg = Release|Any CPU
		{98C82227-5229-47D9-8209-CF3E8F5E53DA}.Release|Any CPU.Build.0 = Release|Any CPU
	EndGlobalSection
	GlobalSection(SolutionProperties) = preSolution
		HideSolutionNode = FALSE
	EndGlobalSection
	GlobalSection(ExtensibilityGlobals) = postSolution
		SolutionGuid = {E96C1146-0773-4190-A889-1495980E53FD}
	EndGlobalSection
EndGlobal
